
Microsoft Visual Studio Solution File, Format Version 12.00
# Visual Studio Version 17
VisualStudioVersion = 17.2.32616.157
MinimumVisualStudioVersion = 10.0.40219.1
Project("{9A19103F-16F7-4668-BE54-9A1E7A4F7556}") = "QuestionnaireApp", "QuestionnaireApp.csproj", "{586AE7B5-4B13-4791-A5DE-8DEFE9D56A88}"
EndProject
Project("{9A19103F-16F7-4668-BE54-9A1E7A4F7556}") = "QuestionnaireAppTest", "..\QuestionnaireAppTest\QuestionnaireAppTest.csproj", "{5BF6F618-A2AE-46C0-B3DE-991AE5AC0A46}"
EndProject
Global
	GlobalSection(SolutionConfigurationPlatforms) = preSolution
		Debug|Any CPU = Debug|Any CPU
		Release|Any CPU = Release|Any CPU
	EndGlobalSection
	GlobalSection(ProjectConfigurationPlatforms) = postSolution
		{586AE7B5-4B13-4791-A5DE-8DEFE9D56A88}.Debug|Any CPU.ActiveCfg = Debug|Any CPU
		{586AE7B5-4B13-4791-A5DE-8DEFE9D56A88}.Debug|Any CPU.Build.0 = Debug|Any CPU
		{586AE7B5-4B13-4791-A5DE-8DEFE9D56A88}.Release|Any CPU.ActiveCfg = Release|Any CPU
		{586AE7B5-4B13-4791-A5DE-8DEFE9D56A88}.Release|Any CPU.Build.0 = Release|Any CPU
		{5BF6F618-A2AE-46C0-B3DE-991AE5AC0A46}.Debug|Any CPU.ActiveCfg = Debug|Any CPU
		{5BF6F618-A2AE-46C0-B3DE-991AE5AC0A46}.Debug|Any CPU.Build.0 = Debug|Any CPU
		{5BF6F618-A2AE-46C0-B3DE-991AE5AC0A46}.Release|Any CPU.ActiveCfg = Release|Any CPU
		{5BF6F618-A2AE-46C0-B3DE-991AE5AC0A46}.Release|Any CPU.Build.0 = Release|Any CPU
	EndGlobalSection
	GlobalSection(SolutionProperties) = preSolution
		HideSolutionNode = FALSE
	EndGlobalSection
	GlobalSection(ExtensibilityGlobals) = postSolution
		SolutionGuid = {87EBAA4F-CD22-4DF4-B5C1-113DE9DD965E}
	EndGlobalSection
EndGlobal
